
Microsoft Visual Studio Solution File, Format Version 12.00
# Visual Studio Version 16
VisualStudioVersion = 16.0.30011.22
MinimumVisualStudioVersion = 10.0.40219.1
Project("{FAE04EC0-301F-11D3-BF4B-00C04F79EFBC}") = "Exercicio12", "Exercicio12.csproj", "{2EF0A445-2B2E-4FBE-A0FC-BFA5E665766D}"
EndProject
Global
	GlobalSection(SolutionConfigurationPlatforms) = preSolution
		Debug|Any CPU = Debug|Any CPU
		Release|Any CPU = Release|Any CPU
	EndGlobalSection
	GlobalSection(ProjectConfigurationPlatforms) = postSolution
		{2EF0A445-2B2E-4FBE-A0FC-BFA5E665766D}.Debug|Any CPU.ActiveCfg = Debug|Any CPU
		{2EF0A445-2B2E-4FBE-A0FC-BFA5E665766D}.Debug|Any CPU.Build.0 = Debug|Any CPU
		{2EF0A445-2B2E-4FBE-A0FC-BFA5E665766D}.Release|Any CPU.ActiveCfg = Release|Any CPU
		{2EF0A445-2B2E-4FBE-A0FC-BFA5E665766D}.Release|Any CPU.Build.0 = Release|Any CPU
	EndGlobalSection
	GlobalSection(SolutionProperties) = preSolution
		HideSolutionNode = FALSE
	EndGlobalSection
	GlobalSection(ExtensibilityGlobals) = postSolution
		SolutionGuid = {14C54659-29C5-4646-9D3E-B4E15FF9A98C}
	EndGlobalSection
EndGlobal
