
Microsoft Visual Studio Solution File, Format Version 12.00
# Visual Studio Version 16
VisualStudioVersion = 16.0.30011.22
MinimumVisualStudioVersion = 10.0.40219.1
Project("{FAE04EC0-301F-11D3-BF4B-00C04F79EFBC}") = "Exercicio6", "Exercicio6.csproj", "{DE5E7C1A-DB48-4608-AD99-AFF5BF63C9BA}"
EndProject
Global
	GlobalSection(SolutionConfigurationPlatforms) = preSolution
		Debug|Any CPU = Debug|Any CPU
		Release|Any CPU = Release|Any CPU
	EndGlobalSection
	GlobalSection(ProjectConfigurationPlatforms) = postSolution
		{DE5E7C1A-DB48-4608-AD99-AFF5BF63C9BA}.Debug|Any CPU.ActiveCfg = Debug|Any CPU
		{DE5E7C1A-DB48-4608-AD99-AFF5BF63C9BA}.Debug|Any CPU.Build.0 = Debug|Any CPU
		{DE5E7C1A-DB48-4608-AD99-AFF5BF63C9BA}.Release|Any CPU.ActiveCfg = Release|Any CPU
		{DE5E7C1A-DB48-4608-AD99-AFF5BF63C9BA}.Release|Any CPU.Build.0 = Release|Any CPU
	EndGlobalSection
	GlobalSection(SolutionProperties) = preSolution
		HideSolutionNode = FALSE
	EndGlobalSection
	GlobalSection(ExtensibilityGlobals) = postSolution
		SolutionGuid = {984FD440-639A-41D3-899D-72216FD7FD5E}
	EndGlobalSection
EndGlobal
