
Microsoft Visual Studio Solution File, Format Version 12.00
# Visual Studio Version 16
VisualStudioVersion = 16.0.30011.22
MinimumVisualStudioVersion = 10.0.40219.1
Project("{FAE04EC0-301F-11D3-BF4B-00C04F79EFBC}") = "Exercicio11", "Exercicio11.csproj", "{5341D3A5-8028-47A3-9A3A-B1EF316D6260}"
EndProject
Global
	GlobalSection(SolutionConfigurationPlatforms) = preSolution
		Debug|Any CPU = Debug|Any CPU
		Release|Any CPU = Release|Any CPU
	EndGlobalSection
	GlobalSection(ProjectConfigurationPlatforms) = postSolution
		{5341D3A5-8028-47A3-9A3A-B1EF316D6260}.Debug|Any CPU.ActiveCfg = Debug|Any CPU
		{5341D3A5-8028-47A3-9A3A-B1EF316D6260}.Debug|Any CPU.Build.0 = Debug|Any CPU
		{5341D3A5-8028-47A3-9A3A-B1EF316D6260}.Release|Any CPU.ActiveCfg = Release|Any CPU
		{5341D3A5-8028-47A3-9A3A-B1EF316D6260}.Release|Any CPU.Build.0 = Release|Any CPU
	EndGlobalSection
	GlobalSection(SolutionProperties) = preSolution
		HideSolutionNode = FALSE
	EndGlobalSection
	GlobalSection(ExtensibilityGlobals) = postSolution
		SolutionGuid = {4606F489-CC15-40CA-AD22-E2934C765857}
	EndGlobalSection
EndGlobal
