
Microsoft Visual Studio Solution File, Format Version 12.00
# Visual Studio Version 16
VisualStudioVersion = 16.0.30011.22
MinimumVisualStudioVersion = 10.0.40219.1
Project("{FAE04EC0-301F-11D3-BF4B-00C04F79EFBC}") = "Exercicio1", "Exercicio1.csproj", "{44AD6B66-C958-4735-8A12-87A93DD0A2F0}"
EndProject
Global
	GlobalSection(SolutionConfigurationPlatforms) = preSolution
		Debug|Any CPU = Debug|Any CPU
		Release|Any CPU = Release|Any CPU
	EndGlobalSection
	GlobalSection(ProjectConfigurationPlatforms) = postSolution
		{44AD6B66-C958-4735-8A12-87A93DD0A2F0}.Debug|Any CPU.ActiveCfg = Debug|Any CPU
		{44AD6B66-C958-4735-8A12-87A93DD0A2F0}.Debug|Any CPU.Build.0 = Debug|Any CPU
		{44AD6B66-C958-4735-8A12-87A93DD0A2F0}.Release|Any CPU.ActiveCfg = Release|Any CPU
		{44AD6B66-C958-4735-8A12-87A93DD0A2F0}.Release|Any CPU.Build.0 = Release|Any CPU
	EndGlobalSection
	GlobalSection(SolutionProperties) = preSolution
		HideSolutionNode = FALSE
	EndGlobalSection
	GlobalSection(ExtensibilityGlobals) = postSolution
		SolutionGuid = {05449BC4-20AA-4147-BDE8-21690AF41597}
	EndGlobalSection
EndGlobal
